PODS:
  - Alamofire (4.9.1)
  - MBCircularProgressBar (0.3.5)
  - UICircularProgressRing (6.4.0)

DEPENDENCIES:
  - Alamofire
  - MBCircularProgressBar
  - UICircularProgressRing

SPEC REPOS:
  https://github.com/cocoapods/specs.git:
    - Alamofire
    - MBCircularProgressBar
    - UICircularProgressRing

SPEC CHECKSUMS:
  Alamofire: 85e8a02c69d6020a0d734f6054870d7ecb75cf18
  MBCircularProgressBar: 0b795b722a5eb5b0923822f90474e2576a1a7855
  UICircularProgressRing: 907613633e76e561b972a3868c95517d14c71006

PODFILE CHECKSUM: f13eba027472463fadf5fec21a3efb4977672d15

COCOAPODS: 1.5.2
